// !$*UTF8*$!
{
	archiveVersion = 1;
	classes = {
	};
	objectVersion = 56;
	objects = {

/* Begin PBXBuildFile section */
		D37B1DEF296326610020BBFE /* TableViewController.swift in Sources */ = {isa = PBXBuildFile; fileRef = D37B1DED296326610020BBFE /* TableViewController.swift */; };
		D37B1DF0296326610020BBFE /* TableViewController.xib in Resources */ = {isa = PBXBuildFile; fileRef = D37B1DEE296326610020BBFE /* TableViewController.xib */; };
		D37B1DF4296326A00020BBFE /* TableViewCell.swift in Sources */ = {isa = PBXBuildFile; fileRef = D37B1DF2296326A00020BBFE /* TableViewCell.swift */; };
		D37B1DF5296326A00020BBFE /* TableViewCell.xib in Resources */ = {isa = PBXBuildFile; fileRef = D37B1DF3296326A00020BBFE /* TableViewCell.xib */; };
		D37B1DF9296326EE0020BBFE /* DetailsViewController.swift in Sources */ = {isa = PBXBuildFile; fileRef = D37B1DF7296326EE0020BBFE /* DetailsViewController.swift */; };
		D37B1DFA296326EE0020BBFE /* DetailsViewController.xib in Resources */ = {isa = PBXBuildFile; fileRef = D37B1DF8296326EE0020BBFE /* DetailsViewController.xib */; };
		D37B8308296D87FB0047DC6D /* Transformation.swift in Sources */ = {isa = PBXBuildFile; fileRef = D37B8307296D87FB0047DC6D /* Transformation.swift */; };
		D37DB9B2296C9105001AEEA8 /* Heroe.swift in Sources */ = {isa = PBXBuildFile; fileRef = D37DB9B1296C9105001AEEA8 /* Heroe.swift */; };
		D37DEE16296C53E50015FDF7 /* NetworkLayer.swift in Sources */ = {isa = PBXBuildFile; fileRef = D37DEE15296C53E50015FDF7 /* NetworkLayer.swift */; };
		D37F0DA229741EEB0083537B /* HeroeTest.swift in Sources */ = {isa = PBXBuildFile; fileRef = D37F0DA129741EEB0083537B /* HeroeTest.swift */; };
		D37F0DA3297420040083537B /* Heroe.swift in Sources */ = {isa = PBXBuildFile; fileRef = D37DB9B1296C9105001AEEA8 /* Heroe.swift */; };
		D37F0DA7297428030083537B /* TransformationTest.swift in Sources */ = {isa = PBXBuildFile; fileRef = D37F0DA6297428030083537B /* TransformationTest.swift */; };
		D37F0DA8297428580083537B /* Transformation.swift in Sources */ = {isa = PBXBuildFile; fileRef = D37B8307296D87FB0047DC6D /* Transformation.swift */; };
		D37F0DA92974285E0083537B /* TextEnum.swift in Sources */ = {isa = PBXBuildFile; fileRef = D38439A92965A08700529DAC /* TextEnum.swift */; };
		D380A0FA2965DB2500205547 /* LaunchScreen.storyboard in Resources */ = {isa = PBXBuildFile; fileRef = D380A0F82965DB2500205547 /* LaunchScreen.storyboard */; };
		D380A0FB2965DB2500205547 /* LaunchScreen.storyboard in Resources */ = {isa = PBXBuildFile; fileRef = D380A0F82965DB2500205547 /* LaunchScreen.storyboard */; };
		D380A0FC2965DB2500205547 /* LaunchScreen.storyboard in Resources */ = {isa = PBXBuildFile; fileRef = D380A0F82965DB2500205547 /* LaunchScreen.storyboard */; };
		D380A1022966101D00205547 /* CollectionViewController.swift in Sources */ = {isa = PBXBuildFile; fileRef = D380A1002966101D00205547 /* CollectionViewController.swift */; };
		D380A1032966101D00205547 /* CollectionViewController.xib in Resources */ = {isa = PBXBuildFile; fileRef = D380A1012966101D00205547 /* CollectionViewController.xib */; };
		D380A1072966105500205547 /* CollectionViewCell.swift in Sources */ = {isa = PBXBuildFile; fileRef = D380A1052966105500205547 /* CollectionViewCell.swift */; };
		D380A1082966105500205547 /* CollectionViewCell.xib in Resources */ = {isa = PBXBuildFile; fileRef = D380A1062966105500205547 /* CollectionViewCell.xib */; };
		D382837F2973365400842361 /* Tools.swift in Sources */ = {isa = PBXBuildFile; fileRef = D382837E2973365400842361 /* Tools.swift */; };
		D38439A829659C9300529DAC /* SystemEnum.swift in Sources */ = {isa = PBXBuildFile; fileRef = D38439A729659C9300529DAC /* SystemEnum.swift */; };
		D38439AA2965A08700529DAC /* TextEnum.swift in Sources */ = {isa = PBXBuildFile; fileRef = D38439A92965A08700529DAC /* TextEnum.swift */; };
		D3AF244D2966E73C0096F9A4 /* LocalDataLayer.swift in Sources */ = {isa = PBXBuildFile; fileRef = D3AF244C2966E73C0096F9A4 /* LocalDataLayer.swift */; };
		D3BE58082962EA9A00837903 /* AppDelegate.swift in Sources */ = {isa = PBXBuildFile; fileRef = D3BE58072962EA9A00837903 /* AppDelegate.swift */; };
		D3BE580A2962EA9A00837903 /* SceneDelegate.swift in Sources */ = {isa = PBXBuildFile; fileRef = D3BE58092962EA9A00837903 /* SceneDelegate.swift */; };
		D3BE58112962EA9B00837903 /* Assets.xcassets in Resources */ = {isa = PBXBuildFile; fileRef = D3BE58102962EA9B00837903 /* Assets.xcassets */; };
		D3BE58292962EA9B00837903 /* PracticaFundamentosIOSUITests.swift in Sources */ = {isa = PBXBuildFile; fileRef = D3BE58282962EA9B00837903 /* PracticaFundamentosIOSUITests.swift */; };
		D3BE582B2962EA9B00837903 /* PracticaFundamentosIOSUITestsLaunchTests.swift in Sources */ = {isa = PBXBuildFile; fileRef = D3BE582A2962EA9B00837903 /* PracticaFundamentosIOSUITestsLaunchTests.swift */; };
		D3BE583F2962F8C400837903 /* BaseViewController.swift in Sources */ = {isa = PBXBuildFile; fileRef = D3BE583E2962F8C400837903 /* BaseViewController.swift */; };
		D3BE58422962F8F100837903 /* LoginViewController.swift in Sources */ = {isa = PBXBuildFile; fileRef = D3BE58402962F8F100837903 /* LoginViewController.swift */; };
		D3BE58432962F8F100837903 /* LoginViewController.xib in Resources */ = {isa = PBXBuildFile; fileRef = D3BE58412962F8F100837903 /* LoginViewController.xib */; };
		D3BE5846296307D900837903 /* HomeTabBarController.swift in Sources */ = {isa = PBXBuildFile; fileRef = D3BE5845296307D900837903 /* HomeTabBarController.swift */; };
/* End PBXBuildFile section */

/* Begin PBXContainerItemProxy section */
		D3BE581B2962EA9B00837903 /* PBXContainerItemProxy */ = {
			isa = PBXContainerItemProxy;
			containerPortal = D3BE57FC2962EA9A00837903 /* Project object */;
			proxyType = 1;
			remoteGlobalIDString = D3BE58032962EA9A00837903;
			remoteInfo = PracticaFundamentosIOS;
		};
		D3BE58252962EA9B00837903 /* PBXContainerItemProxy */ = {
			isa = PBXContainerItemProxy;
			containerPortal = D3BE57FC2962EA9A00837903 /* Project object */;
			proxyType = 1;
			remoteGlobalIDString = D3BE58032962EA9A00837903;
			remoteInfo = PracticaFundamentosIOS;
		};
/* End PBXContainerItemProxy section */

/* Begin PBXFileReference section */
		D37B1DED296326610020BBFE /* TableViewController.swift */ = {isa = PBXFileReference; lastKnownFileType = sourcecode.swift; path = TableViewController.swift; sourceTree = "<group>"; };
		D37B1DEE296326610020BBFE /* TableViewController.xib */ = {isa = PBXFileReference; lastKnownFileType = file.xib; path = TableViewController.xib; sourceTree = "<group>"; };
		D37B1DF2296326A00020BBFE /* TableViewCell.swift */ = {isa = PBXFileReference; lastKnownFileType = sourcecode.swift; path = TableViewCell.swift; sourceTree = "<group>"; };
		D37B1DF3296326A00020BBFE /* TableViewCell.xib */ = {isa = PBXFileReference; lastKnownFileType = file.xib; path = TableViewCell.xib; sourceTree = "<group>"; };
		D37B1DF7296326EE0020BBFE /* DetailsViewController.swift */ = {isa = PBXFileReference; lastKnownFileType = sourcecode.swift; path = DetailsViewController.swift; sourceTree = "<group>"; };
		D37B1DF8296326EE0020BBFE /* DetailsViewController.xib */ = {isa = PBXFileReference; lastKnownFileType = file.xib; path = DetailsViewController.xib; sourceTree = "<group>"; };
		D37B8307296D87FB0047DC6D /* Transformation.swift */ = {isa = PBXFileReference; lastKnownFileType = sourcecode.swift; path = Transformation.swift; sourceTree = "<group>"; };
		D37DB9B1296C9105001AEEA8 /* Heroe.swift */ = {isa = PBXFileReference; lastKnownFileType = sourcecode.swift; path = Heroe.swift; sourceTree = "<group>"; };
		D37DEE15296C53E50015FDF7 /* NetworkLayer.swift */ = {isa = PBXFileReference; lastKnownFileType = sourcecode.swift; path = NetworkLayer.swift; sourceTree = "<group>"; };
		D37F0DA129741EEB0083537B /* HeroeTest.swift */ = {isa = PBXFileReference; lastKnownFileType = sourcecode.swift; path = HeroeTest.swift; sourceTree = "<group>"; };
		D37F0DA6297428030083537B /* TransformationTest.swift */ = {isa = PBXFileReference; lastKnownFileType = sourcecode.swift; path = TransformationTest.swift; sourceTree = "<group>"; };
		D380A0F92965DB2500205547 /* Base */ = {isa = PBXFileReference; lastKnownFileType = file.storyboard; name = Base; path = PracticaFundamentosIOS/Base.lproj/LaunchScreen.storyboard; sourceTree = SOURCE_ROOT; };
		D380A1002966101D00205547 /* CollectionViewController.swift */ = {isa = PBXFileReference; lastKnownFileType = sourcecode.swift; path = CollectionViewController.swift; sourceTree = "<group>"; };
		D380A1012966101D00205547 /* CollectionViewController.xib */ = {isa = PBXFileReference; lastKnownFileType = file.xib; path = CollectionViewController.xib; sourceTree = "<group>"; };
		D380A1052966105500205547 /* CollectionViewCell.swift */ = {isa = PBXFileReference; lastKnownFileType = sourcecode.swift; path = CollectionViewCell.swift; sourceTree = "<group>"; };
		D380A1062966105500205547 /* CollectionViewCell.xib */ = {isa = PBXFileReference; lastKnownFileType = file.xib; path = CollectionViewCell.xib; sourceTree = "<group>"; };
		D382837E2973365400842361 /* Tools.swift */ = {isa = PBXFileReference; lastKnownFileType = sourcecode.swift; path = Tools.swift; sourceTree = "<group>"; };
		D38439A729659C9300529DAC /* SystemEnum.swift */ = {isa = PBXFileReference; lastKnownFileType = sourcecode.swift; path = SystemEnum.swift; sourceTree = "<group>"; };
		D38439A92965A08700529DAC /* TextEnum.swift */ = {isa = PBXFileReference; lastKnownFileType = sourcecode.swift; path = TextEnum.swift; sourceTree = "<group>"; };
		D3AF244C2966E73C0096F9A4 /* LocalDataLayer.swift */ = {isa = PBXFileReference; lastKnownFileType = sourcecode.swift; path = LocalDataLayer.swift; sourceTree = "<group>"; };
		D3BE58042962EA9A00837903 /* PracticaFundamentosIOS.app */ = {isa = PBXFileReference; explicitFileType = wrapper.application; includeInIndex = 0; path = PracticaFundamentosIOS.app; sourceTree = BUILT_PRODUCTS_DIR; };
		D3BE58072962EA9A00837903 /* AppDelegate.swift */ = {isa = PBXFileReference; lastKnownFileType = sourcecode.swift; path = AppDelegate.swift; sourceTree = "<group>"; };
		D3BE58092962EA9A00837903 /* SceneDelegate.swift */ = {isa = PBXFileReference; lastKnownFileType = sourcecode.swift; path = SceneDelegate.swift; sourceTree = "<group>"; };
		D3BE58102962EA9B00837903 /* Assets.xcassets */ = {isa = PBXFileReference; lastKnownFileType = folder.assetcatalog; path = Assets.xcassets; sourceTree = "<group>"; };
		D3BE58152962EA9B00837903 /* Info.plist */ = {isa = PBXFileReference; lastKnownFileType = text.plist.xml; path = Info.plist; sourceTree = "<group>"; };
		D3BE581A2962EA9B00837903 /* PracticaFundamentosIOSTests.xctest */ = {isa = PBXFileReference; explicitFileType = wrapper.cfbundle; includeInIndex = 0; path = PracticaFundamentosIOSTests.xctest; sourceTree = BUILT_PRODUCTS_DIR; };
		D3BE58242962EA9B00837903 /* PracticaFundamentosIOSUITests.xctest */ = {isa = PBXFileReference; explicitFileType = wrapper.cfbundle; includeInIndex = 0; path = PracticaFundamentosIOSUITests.xctest; sourceTree = BUILT_PRODUCTS_DIR; };
		D3BE58282962EA9B00837903 /* PracticaFundamentosIOSUITests.swift */ = {isa = PBXFileReference; lastKnownFileType = sourcecode.swift; path = PracticaFundamentosIOSUITests.swift; sourceTree = "<group>"; };
		D3BE582A2962EA9B00837903 /* PracticaFundamentosIOSUITestsLaunchTests.swift */ = {isa = PBXFileReference; lastKnownFileType = sourcecode.swift; path = PracticaFundamentosIOSUITestsLaunchTests.swift; sourceTree = "<group>"; };
		D3BE583E2962F8C400837903 /* BaseViewController.swift */ = {isa = PBXFileReference; lastKnownFileType = sourcecode.swift; path = BaseViewController.swift; sourceTree = "<group>"; };
		D3BE58402962F8F100837903 /* LoginViewController.swift */ = {isa = PBXFileReference; lastKnownFileType = sourcecode.swift; path = LoginViewController.swift; sourceTree = "<group>"; };
		D3BE58412962F8F100837903 /* LoginViewController.xib */ = {isa = PBXFileReference; lastKnownFileType = file.xib; path = LoginViewController.xib; sourceTree = "<group>"; };
		D3BE5845296307D900837903 /* HomeTabBarController.swift */ = {isa = PBXFileReference; lastKnownFileType = sourcecode.swift; path = HomeTabBarController.swift; sourceTree = "<group>"; };
/* End PBXFileReference section */

/* Begin PBXFrameworksBuildPhase section */
		D3BE58012962EA9A00837903 /* Frameworks */ = {
			isa = PBXFrameworksBuildPhase;
			buildActionMask = 2147483647;
			files = (
			);
			runOnlyForDeploymentPostprocessing = 0;
		};
		D3BE58172962EA9B00837903 /* Frameworks */ = {
			isa = PBXFrameworksBuildPhase;
			buildActionMask = 2147483647;
			files = (
			);
			runOnlyForDeploymentPostprocessing = 0;
		};
		D3BE58212962EA9B00837903 /* Frameworks */ = {
			isa = PBXFrameworksBuildPhase;
			buildActionMask = 2147483647;
			files = (
			);
			runOnlyForDeploymentPostprocessing = 0;
		};
/* End PBXFrameworksBuildPhase section */

/* Begin PBXGroup section */
		D37B1DEC2963262A0020BBFE /* TableView */ = {
			isa = PBXGroup;
			children = (
				D37B1DF1296326680020BBFE /* TableCell */,
				D37B1DED296326610020BBFE /* TableViewController.swift */,
				D37B1DEE296326610020BBFE /* TableViewController.xib */,
			);
			path = TableView;
			sourceTree = "<group>";
		};
		D37B1DF1296326680020BBFE /* TableCell */ = {
			isa = PBXGroup;
			children = (
				D37B1DF2296326A00020BBFE /* TableViewCell.swift */,
				D37B1DF3296326A00020BBFE /* TableViewCell.xib */,
			);
			path = TableCell;
			sourceTree = "<group>";
		};
		D37B1DF6296326C20020BBFE /* DetailsView */ = {
			isa = PBXGroup;
			children = (
				D37B1DF7296326EE0020BBFE /* DetailsViewController.swift */,
				D37B1DF8296326EE0020BBFE /* DetailsViewController.xib */,
			);
			path = DetailsView;
			sourceTree = "<group>";
		};
		D380A0FD29660FB300205547 /* CollectionView */ = {
			isa = PBXGroup;
			children = (
				D380A1042966102300205547 /* CollectionCell */,
				D380A1002966101D00205547 /* CollectionViewController.swift */,
				D380A1012966101D00205547 /* CollectionViewController.xib */,
			);
			path = CollectionView;
			sourceTree = "<group>";
		};
		D380A1042966102300205547 /* CollectionCell */ = {
			isa = PBXGroup;
			children = (
				D380A1052966105500205547 /* CollectionViewCell.swift */,
				D380A1062966105500205547 /* CollectionViewCell.xib */,
			);
			path = CollectionCell;
			sourceTree = "<group>";
		};
		D3BE57FB2962EA9A00837903 = {
			isa = PBXGroup;
			children = (
				D3BE58062962EA9A00837903 /* PracticaFundamentosIOS */,
				D3BE581D2962EA9B00837903 /* PracticaFundamentosIOSTests */,
				D3BE58272962EA9B00837903 /* PracticaFundamentosIOSUITests */,
				D3BE58052962EA9A00837903 /* Products */,
			);
			sourceTree = "<group>";
		};
		D3BE58052962EA9A00837903 /* Products */ = {
			isa = PBXGroup;
			children = (
				D3BE58042962EA9A00837903 /* PracticaFundamentosIOS.app */,
				D3BE581A2962EA9B00837903 /* PracticaFundamentosIOSTests.xctest */,
				D3BE58242962EA9B00837903 /* PracticaFundamentosIOSUITests.xctest */,
			);
			name = Products;
			sourceTree = "<group>";
		};
		D3BE58062962EA9A00837903 /* PracticaFundamentosIOS */ = {
			isa = PBXGroup;
			children = (
				D3BE58372962ED3600837903 /* App */,
				D3BE58392962F41300837903 /* Managers */,
				D3BE583A2962F42100837903 /* Models */,
				D3BE58382962F40800837903 /* Base */,
				D3BE583B2962F42D00837903 /* UI */,
				D3BE58102962EA9B00837903 /* Assets.xcassets */,
				D3BE58152962EA9B00837903 /* Info.plist */,
			);
			path = PracticaFundamentosIOS;
			sourceTree = "<group>";
		};
		D3BE581D2962EA9B00837903 /* PracticaFundamentosIOSTests */ = {
			isa = PBXGroup;
			children = (
				D37F0DA129741EEB0083537B /* HeroeTest.swift */,
				D37F0DA6297428030083537B /* TransformationTest.swift */,
			);
			path = PracticaFundamentosIOSTests;
			sourceTree = "<group>";
		};
		D3BE58272962EA9B00837903 /* PracticaFundamentosIOSUITests */ = {
			isa = PBXGroup;
			children = (
				D3BE58282962EA9B00837903 /* PracticaFundamentosIOSUITests.swift */,
				D3BE582A2962EA9B00837903 /* PracticaFundamentosIOSUITestsLaunchTests.swift */,
			);
			path = PracticaFundamentosIOSUITests;
			sourceTree = "<group>";
		};
		D3BE58372962ED3600837903 /* App */ = {
			isa = PBXGroup;
			children = (
				D3BE58072962EA9A00837903 /* AppDelegate.swift */,
				D3BE58092962EA9A00837903 /* SceneDelegate.swift */,
			);
			path = App;
			sourceTree = "<group>";
		};
		D3BE58382962F40800837903 /* Base */ = {
			isa = PBXGroup;
			children = (
				D380A0F82965DB2500205547 /* LaunchScreen.storyboard */,
			);
			path = Base;
			sourceTree = "<group>";
		};
		D3BE58392962F41300837903 /* Managers */ = {
			isa = PBXGroup;
			children = (
				D3AF244C2966E73C0096F9A4 /* LocalDataLayer.swift */,
				D37DEE15296C53E50015FDF7 /* NetworkLayer.swift */,
			);
			path = Managers;
			sourceTree = "<group>";
		};
		D3BE583A2962F42100837903 /* Models */ = {
			isa = PBXGroup;
			children = (
				D38439A729659C9300529DAC /* SystemEnum.swift */,
				D38439A92965A08700529DAC /* TextEnum.swift */,
				D37DB9B1296C9105001AEEA8 /* Heroe.swift */,
				D37B8307296D87FB0047DC6D /* Transformation.swift */,
				D382837E2973365400842361 /* Tools.swift */,
			);
			path = Models;
			sourceTree = "<group>";
		};
		D3BE583B2962F42D00837903 /* UI */ = {
			isa = PBXGroup;
			children = (
				D3BE58442963074400837903 /* HomeTabBar */,
				D3BE583D2962F74B00837903 /* BaseView */,
				D3BE583C2962F70800837903 /* LoginView */,
				D37B1DEC2963262A0020BBFE /* TableView */,
				D37B1DF6296326C20020BBFE /* DetailsView */,
				D380A0FD29660FB300205547 /* CollectionView */,
			);
			path = UI;
			sourceTree = "<group>";
		};
		D3BE583C2962F70800837903 /* LoginView */ = {
			isa = PBXGroup;
			children = (
				D3BE58402962F8F100837903 /* LoginViewController.swift */,
				D3BE58412962F8F100837903 /* LoginViewController.xib */,
			);
			path = LoginView;
			sourceTree = "<group>";
		};
		D3BE583D2962F74B00837903 /* BaseView */ = {
			isa = PBXGroup;
			children = (
				D3BE583E2962F8C400837903 /* BaseViewController.swift */,
			);
			path = BaseView;
			sourceTree = "<group>";
		};
		D3BE58442963074400837903 /* HomeTabBar */ = {
			isa = PBXGroup;
			children = (
				D3BE5845296307D900837903 /* HomeTabBarController.swift */,
			);
			path = HomeTabBar;
			sourceTree = "<group>";
		};
/* End PBXGroup section */

/* Begin PBXNativeTarget section */
		D3BE58032962EA9A00837903 /* PracticaFundamentosIOS */ = {
			isa = PBXNativeTarget;
			buildConfigurationList = D3BE582E2962EA9B00837903 /* Build configuration list for PBXNativeTarget "PracticaFundamentosIOS" */;
			buildPhases = (
				D3BE58002962EA9A00837903 /* Sources */,
				D3BE58012962EA9A00837903 /* Frameworks */,
				D3BE58022962EA9A00837903 /* Resources */,
			);
			buildRules = (
			);
			dependencies = (
			);
			name = PracticaFundamentosIOS;
			productName = PracticaFundamentosIOS;
			productReference = D3BE58042962EA9A00837903 /* PracticaFundamentosIOS.app */;
			productType = "com.apple.product-type.application";
		};
		D3BE58192962EA9B00837903 /* PracticaFundamentosIOSTests */ = {
			isa = PBXNativeTarget;
			buildConfigurationList = D3BE58312962EA9B00837903 /* Build configuration list for PBXNativeTarget "PracticaFundamentosIOSTests" */;
			buildPhases = (
				D3BE58162962EA9B00837903 /* Sources */,
				D3BE58172962EA9B00837903 /* Frameworks */,
				D3BE58182962EA9B00837903 /* Resources */,
			);
			buildRules = (
			);
			dependencies = (
				D3BE581C2962EA9B00837903 /* PBXTargetDependency */,
			);
			name = PracticaFundamentosIOSTests;
			productName = PracticaFundamentosIOSTests;
			productReference = D3BE581A2962EA9B00837903 /* PracticaFundamentosIOSTests.xctest */;
			productType = "com.apple.product-type.bundle.unit-test";
		};
		D3BE58232962EA9B00837903 /* PracticaFundamentosIOSUITests */ = {
			isa = PBXNativeTarget;
			buildConfigurationList = D3BE58342962EA9B00837903 /* Build configuration list for PBXNativeTarget "PracticaFundamentosIOSUITests" */;
			buildPhases = (
				D3BE58202962EA9B00837903 /* Sources */,
				D3BE58212962EA9B00837903 /* Frameworks */,
				D3BE58222962EA9B00837903 /* Resources */,
			);
			buildRules = (
			);
			dependencies = (
				D3BE58262962EA9B00837903 /* PBXTargetDependency */,
			);
			name = PracticaFundamentosIOSUITests;
			productName = PracticaFundamentosIOSUITests;
			productReference = D3BE58242962EA9B00837903 /* PracticaFundamentosIOSUITests.xctest */;
			productType = "com.apple.product-type.bundle.ui-testing";
		};
/* End PBXNativeTarget section */

/* Begin PBXProject section */
		D3BE57FC2962EA9A00837903 /* Project object */ = {
			isa = PBXProject;
			attributes = {
				BuildIndependentTargetsInParallel = 1;
				LastSwiftUpdateCheck = 1410;
				LastUpgradeCheck = 1410;
				TargetAttributes = {
					D3BE58032962EA9A00837903 = {
						CreatedOnToolsVersion = 14.1;
					};
					D3BE58192962EA9B00837903 = {
						CreatedOnToolsVersion = 14.1;
						TestTargetID = D3BE58032962EA9A00837903;
					};
					D3BE58232962EA9B00837903 = {
						CreatedOnToolsVersion = 14.1;
						TestTargetID = D3BE58032962EA9A00837903;
					};
				};
			};
			buildConfigurationList = D3BE57FF2962EA9A00837903 /* Build configuration list for PBXProject "PracticaFundamentosIOS" */;
			compatibilityVersion = "Xcode 14.0";
			developmentRegion = en;
			hasScannedForEncodings = 0;
			knownRegions = (
				en,
				Base,
			);
			mainGroup = D3BE57FB2962EA9A00837903;
			productRefGroup = D3BE58052962EA9A00837903 /* Products */;
			projectDirPath = "";
			projectRoot = "";
			targets = (
				D3BE58032962EA9A00837903 /* PracticaFundamentosIOS */,
				D3BE58192962EA9B00837903 /* PracticaFundamentosIOSTests */,
				D3BE58232962EA9B00837903 /* PracticaFundamentosIOSUITests */,
			);
		};
/* End PBXProject section */

/* Begin PBXResourcesBuildPhase section */
		D3BE58022962EA9A00837903 /* Resources */ = {
			isa = PBXResourcesBuildPhase;
			buildActionMask = 2147483647;
			files = (
				D380A0FA2965DB2500205547 /* LaunchScreen.storyboard in Resources */,
				D37B1DFA296326EE0020BBFE /* DetailsViewController.xib in Resources */,
				D3BE58432962F8F100837903 /* LoginViewController.xib in Resources */,
				D380A1082966105500205547 /* CollectionViewCell.xib in Resources */,
				D37B1DF5296326A00020BBFE /* TableViewCell.xib in Resources */,
				D3BE58112962EA9B00837903 /* Assets.xcassets in Resources */,
				D380A1032966101D00205547 /* CollectionViewController.xib in Resources */,
				D37B1DF0296326610020BBFE /* TableViewController.xib in Resources */,
			);
			runOnlyForDeploymentPostprocessing = 0;
		};
		D3BE58182962EA9B00837903 /* Resources */ = {
			isa = PBXResourcesBuildPhase;
			buildActionMask = 2147483647;
			files = (
				D380A0FB2965DB2500205547 /* LaunchScreen.storyboard in Resources */,
			);
			runOnlyForDeploymentPostprocessing = 0;
		};
		D3BE58222962EA9B00837903 /* Resources */ = {
			isa = PBXResourcesBuildPhase;
			buildActionMask = 2147483647;
			files = (
				D380A0FC2965DB2500205547 /* LaunchScreen.storyboard in Resources */,
			);
			runOnlyForDeploymentPostprocessing = 0;
		};
/* End PBXResourcesBuildPhase section */

/* Begin PBXSourcesBuildPhase section */
		D3BE58002962EA9A00837903 /* Sources */ = {
			isa = PBXSourcesBuildPhase;
			buildActionMask = 2147483647;
			files = (
				D37DEE16296C53E50015FDF7 /* NetworkLayer.swift in Sources */,
				D380A1022966101D00205547 /* CollectionViewController.swift in Sources */,
				D38439A829659C9300529DAC /* SystemEnum.swift in Sources */,
				D37B1DF4296326A00020BBFE /* TableViewCell.swift in Sources */,
				D37B1DF9296326EE0020BBFE /* DetailsViewController.swift in Sources */,
				D37B1DEF296326610020BBFE /* TableViewController.swift in Sources */,
				D37B8308296D87FB0047DC6D /* Transformation.swift in Sources */,
				D38439AA2965A08700529DAC /* TextEnum.swift in Sources */,
				D382837F2973365400842361 /* Tools.swift in Sources */,
				D3BE583F2962F8C400837903 /* BaseViewController.swift in Sources */,
				D3BE5846296307D900837903 /* HomeTabBarController.swift in Sources */,
				D3BE58082962EA9A00837903 /* AppDelegate.swift in Sources */,
				D380A1072966105500205547 /* CollectionViewCell.swift in Sources */,
				D37DB9B2296C9105001AEEA8 /* Heroe.swift in Sources */,
				D3AF244D2966E73C0096F9A4 /* LocalDataLayer.swift in Sources */,
				D3BE58422962F8F100837903 /* LoginViewController.swift in Sources */,
				D3BE580A2962EA9A00837903 /* SceneDelegate.swift in Sources */,
			);
			runOnlyForDeploymentPostprocessing = 0;
		};
		D3BE58162962EA9B00837903 /* Sources */ = {
			isa = PBXSourcesBuildPhase;
			buildActionMask = 2147483647;
			files = (
				D37F0DA7297428030083537B /* TransformationTest.swift in Sources */,
				D37F0DA92974285E0083537B /* TextEnum.swift in Sources */,
				D37F0DA229741EEB0083537B /* HeroeTest.swift in Sources */,
				D37F0DA3297420040083537B /* Heroe.swift in Sources */,
				D37F0DA8297428580083537B /* Transformation.swift in Sources */,
			);
			runOnlyForDeploymentPostprocessing = 0;
		};
		D3BE58202962EA9B00837903 /* Sources */ = {
			isa = PBXSourcesBuildPhase;
			buildActionMask = 2147483647;
			files = (
				D3BE582B2962EA9B00837903 /* PracticaFundamentosIOSUITestsLaunchTests.swift in Sources */,
				D3BE58292962EA9B00837903 /* PracticaFundamentosIOSUITests.swift in Sources */,
			);
			runOnlyForDeploymentPostprocessing = 0;
		};
/* End PBXSourcesBuildPhase section */

/* Begin PBXTargetDependency section */
		D3BE581C2962EA9B00837903 /* PBXTargetDependency */ = {
			isa = PBXTargetDependency;
			target = D3BE58032962EA9A00837903 /* PracticaFundamentosIOS */;
			targetProxy = D3BE581B2962EA9B00837903 /* PBXContainerItemProxy */;
		};
		D3BE58262962EA9B00837903 /* PBXTargetDependency */ = {
			isa = PBXTargetDependency;
			target = D3BE58032962EA9A00837903 /* PracticaFundamentosIOS */;
			targetProxy = D3BE58252962EA9B00837903 /* PBXContainerItemProxy */;
		};
/* End PBXTargetDependency section */

/* Begin PBXVariantGroup section */
		D380A0F82965DB2500205547 /* LaunchScreen.storyboard */ = {
			isa = PBXVariantGroup;
			children = (
				D380A0F92965DB2500205547 /* Base */,
			);
			name = LaunchScreen.storyboard;
			sourceTree = "<group>";
		};
/* End PBXVariantGroup section */

/* Begin XCBuildConfiguration section */
		D3BE582C2962EA9B00837903 /* Debug */ = {
			isa = XCBuildConfiguration;
			buildSettings = {
				ALWAYS_SEARCH_USER_PATHS = NO;
				CLANG_ANALYZER_NONNULL = YES;
				CLANG_ANALYZER_NUMBER_OBJECT_CONVERSION = YES_AGGRESSIVE;
				CLANG_CXX_LANGUAGE_STANDARD = "gnu++20";
				CLANG_ENABLE_MODULES = YES;
				CLANG_ENABLE_OBJC_ARC = YES;
				CLANG_ENABLE_OBJC_WEAK = YES;
				CLANG_WARN_BLOCK_CAPTURE_AUTORELEASING = YES;
				CLANG_WARN_BOOL_CONVERSION = YES;
				CLANG_WARN_COMMA = YES;
				CLANG_WARN_CONSTANT_CONVERSION = YES;
				CLANG_WARN_DEPRECATED_OBJC_IMPLEMENTATIONS = YES;
				CLANG_WARN_DIRECT_OBJC_ISA_USAGE = YES_ERROR;
				CLANG_WARN_DOCUMENTATION_COMMENTS = YES;
				CLANG_WARN_EMPTY_BODY = YES;
				CLANG_WARN_ENUM_CONVERSION = YES;
				CLANG_WARN_INFINITE_RECURSION = YES;
				CLANG_WARN_INT_CONVERSION = YES;
				CLANG_WARN_NON_LITERAL_NULL_CONVERSION = YES;
				CLANG_WARN_OBJC_IMPLICIT_RETAIN_SELF = YES;
				CLANG_WARN_OBJC_LITERAL_CONVERSION = YES;
				CLANG_WARN_OBJC_ROOT_CLASS = YES_ERROR;
				CLANG_WARN_QUOTED_INCLUDE_IN_FRAMEWORK_HEADER = YES;
				CLANG_WARN_RANGE_LOOP_ANALYSIS = YES;
				CLANG_WARN_STRICT_PROTOTYPES = YES;
				CLANG_WARN_SUSPICIOUS_MOVE = YES;
				CLANG_WARN_UNGUARDED_AVAILABILITY = YES_AGGRESSIVE;
				CLANG_WARN_UNREACHABLE_CODE = YES;
				CLANG_WARN__DUPLICATE_METHOD_MATCH = YES;
				COPY_PHASE_STRIP = NO;
				DEBUG_INFORMATION_FORMAT = dwarf;
				ENABLE_STRICT_OBJC_MSGSEND = YES;
				ENABLE_TESTABILITY = YES;
				GCC_C_LANGUAGE_STANDARD = gnu11;
				GCC_DYNAMIC_NO_PIC = NO;
				GCC_NO_COMMON_BLOCKS = YES;
				GCC_OPTIMIZATION_LEVEL = 0;
				GCC_PREPROCESSOR_DEFINITIONS = (
					"DEBUG=1",
					"$(inherited)",
				);
				GCC_WARN_64_TO_32_BIT_CONVERSION = YES;
				GCC_WARN_ABOUT_RETURN_TYPE = YES_ERROR;
				GCC_WARN_UNDECLARED_SELECTOR = YES;
				GCC_WARN_UNINITIALIZED_AUTOS = YES_AGGRESSIVE;
				GCC_WARN_UNUSED_FUNCTION = YES;
				GCC_WARN_UNUSED_VARIABLE = YES;
				IPHONEOS_DEPLOYMENT_TARGET = 16.1;
				MTL_ENABLE_DEBUG_INFO = INCLUDE_SOURCE;
				MTL_FAST_MATH = YES;
				ONLY_ACTIVE_ARCH = YES;
				SDKROOT = iphoneos;
				SWIFT_ACTIVE_COMPILATION_CONDITIONS = DEBUG;
				SWIFT_OPTIMIZATION_LEVEL = "-Onone";
			};
			name = Debug;
		};
		D3BE582D2962EA9B00837903 /* Release */ = {
			isa = XCBuildConfiguration;
			buildSettings = {
				ALWAYS_SEARCH_USER_PATHS = NO;
				CLANG_ANALYZER_NONNULL = YES;
				CLANG_ANALYZER_NUMBER_OBJECT_CONVERSION = YES_AGGRESSIVE;
				CLANG_CXX_LANGUAGE_STANDARD = "gnu++20";
				CLANG_ENABLE_MODULES = YES;
				CLANG_ENABLE_OBJC_ARC = YES;
				CLANG_ENABLE_OBJC_WEAK = YES;
				CLANG_WARN_BLOCK_CAPTURE_AUTORELEASING = YES;
				CLANG_WARN_BOOL_CONVERSION = YES;
				CLANG_WARN_COMMA = YES;
				CLANG_WARN_CONSTANT_CONVERSION = YES;
				CLANG_WARN_DEPRECATED_OBJC_IMPLEMENTATIONS = YES;
				CLANG_WARN_DIRECT_OBJC_ISA_USAGE = YES_ERROR;
				CLANG_WARN_DOCUMENTATION_COMMENTS = YES;
				CLANG_WARN_EMPTY_BODY = YES;
				CLANG_WARN_ENUM_CONVERSION = YES;
				CLANG_WARN_INFINITE_RECURSION = YES;
				CLANG_WARN_INT_CONVERSION = YES;
				CLANG_WARN_NON_LITERAL_NULL_CONVERSION = YES;
				CLANG_WARN_OBJC_IMPLICIT_RETAIN_SELF = YES;
				CLANG_WARN_OBJC_LITERAL_CONVERSION = YES;
				CLANG_WARN_OBJC_ROOT_CLASS = YES_ERROR;
				CLANG_WARN_QUOTED_INCLUDE_IN_FRAMEWORK_HEADER = YES;
				CLANG_WARN_RANGE_LOOP_ANALYSIS = YES;
				CLANG_WARN_STRICT_PROTOTYPES = YES;
				CLANG_WARN_SUSPICIOUS_MOVE = YES;
				CLANG_WARN_UNGUARDED_AVAILABILITY = YES_AGGRESSIVE;
				CLANG_WARN_UNREACHABLE_CODE = YES;
				CLANG_WARN__DUPLICATE_METHOD_MATCH = YES;
				COPY_PHASE_STRIP = NO;
				DEBUG_INFORMATION_FORMAT = "dwarf-with-dsym";
				ENABLE_NS_ASSERTIONS = NO;
				ENABLE_STRICT_OBJC_MSGSEND = YES;
				GCC_C_LANGUAGE_STANDARD = gnu11;
				GCC_NO_COMMON_BLOCKS = YES;
				GCC_WARN_64_TO_32_BIT_CONVERSION = YES;
				GCC_WARN_ABOUT_RETURN_TYPE = YES_ERROR;
				GCC_WARN_UNDECLARED_SELECTOR = YES;
				GCC_WARN_UNINITIALIZED_AUTOS = YES_AGGRESSIVE;
				GCC_WARN_UNUSED_FUNCTION = YES;
				GCC_WARN_UNUSED_VARIABLE = YES;
				IPHONEOS_DEPLOYMENT_TARGET = 16.1;
				MTL_ENABLE_DEBUG_INFO = NO;
				MTL_FAST_MATH = YES;
				SDKROOT = iphoneos;
				SWIFT_COMPILATION_MODE = wholemodule;
				SWIFT_OPTIMIZATION_LEVEL = "-O";
				VALIDATE_PRODUCT = YES;
			};
			name = Release;
		};
		D3BE582F2962EA9B00837903 /* Debug */ = {
			isa = XCBuildConfiguration;
			buildSettings = {
				ASSETCATALOG_COMPILER_APPICON_NAME = AppIcon;
				ASSETCATALOG_COMPILER_GLOBAL_ACCENT_COLOR_NAME = AccentColor;
				CODE_SIGN_STYLE = Automatic;
				CURRENT_PROJECT_VERSION = 1;
				GENERATE_INFOPLIST_FILE = YES;
				INFOPLIST_FILE = PracticaFundamentosIOS/Info.plist;
				INFOPLIST_KEY_UIApplicationSupportsIndirectInputEvents = YES;
				INFOPLIST_KEY_UILaunchStoryboardName = LaunchScreen.storyboard;
				INFOPLIST_KEY_UIStatusBarStyle = "";
				INFOPLIST_KEY_UISupportedInterfaceOrientations_iPad = "UIInterfaceOrientationPortrait UIInterfaceOrientationPortraitUpsideDown UIInterfaceOrientationLandscapeLeft UIInterfaceOrientationLandscapeRight";
				INFOPLIST_KEY_UISupportedInterfaceOrientations_iPhone = "UIInterfaceOrientationPortrait UIInterfaceOrientationLandscapeLeft UIInterfaceOrientationLandscapeRight";
				LD_RUNPATH_SEARCH_PATHS = (
					"$(inherited)",
					"@executable_path/Frameworks",
				);
				MARKETING_VERSION = 1.0;
				PRODUCT_BUNDLE_IDENTIFIER = AlbertoJR.PracticaFundamentosIOS;
				PRODUCT_NAME = "$(TARGET_NAME)";
				SWIFT_EMIT_LOC_STRINGS = YES;
				SWIFT_VERSION = 5.0;
				TARGETED_DEVICE_FAMILY = "1,2";
			};
			name = Debug;
		};
		D3BE58302962EA9B00837903 /* Release */ = {
			isa = XCBuildConfiguration;
			buildSettings = {
				ASSETCATALOG_COMPILER_APPICON_NAME = AppIcon;
				ASSETCATALOG_COMPILER_GLOBAL_ACCENT_COLOR_NAME = AccentColor;
				CODE_SIGN_STYLE = Automatic;
				CURRENT_PROJECT_VERSION = 1;
				GENERATE_INFOPLIST_FILE = YES;
				INFOPLIST_FILE = PracticaFundamentosIOS/Info.plist;
				INFOPLIST_KEY_UIApplicationSupportsIndirectInputEvents = YES;
				INFOPLIST_KEY_UILaunchStoryboardName = LaunchScreen.storyboard;
				INFOPLIST_KEY_UIStatusBarStyle = "";
				INFOPLIST_KEY_UISupportedInterfaceOrientations_iPad = "UIInterfaceOrientationPortrait UIInterfaceOrientationPortraitUpsideDown UIInterfaceOrientationLandscapeLeft UIInterfaceOrientationLandscapeRight";
				INFOPLIST_KEY_UISupportedInterfaceOrientations_iPhone = "UIInterfaceOrientationPortrait UIInterfaceOrientationLandscapeLeft UIInterfaceOrientationLandscapeRight";
				LD_RUNPATH_SEARCH_PATHS = (
					"$(inherited)",
					"@executable_path/Frameworks",
				);
				MARKETING_VERSION = 1.0;
				PRODUCT_BUNDLE_IDENTIFIER = AlbertoJR.PracticaFundamentosIOS;
				PRODUCT_NAME = "$(TARGET_NAME)";
				SWIFT_EMIT_LOC_STRINGS = YES;
				SWIFT_VERSION = 5.0;
				TARGETED_DEVICE_FAMILY = "1,2";
			};
			name = Release;
		};
		D3BE58322962EA9B00837903 /* Debug */ = {
			isa = XCBuildConfiguration;
			buildSettings = {
				ALWAYS_EMBED_SWIFT_STANDARD_LIBRARIES = YES;
				BUNDLE_LOADER = "$(TEST_HOST)";
				CODE_SIGN_STYLE = Automatic;
				CURRENT_PROJECT_VERSION = 1;
				GENERATE_INFOPLIST_FILE = YES;
				IPHONEOS_DEPLOYMENT_TARGET = 16.1;
				MARKETING_VERSION = 1.0;
				PRODUCT_BUNDLE_IDENTIFIER = AlbertoJR.PracticaFundamentosIOSTests;
				PRODUCT_NAME = "$(TARGET_NAME)";
				SWIFT_EMIT_LOC_STRINGS = NO;
				SWIFT_VERSION = 5.0;
				TARGETED_DEVICE_FAMILY = "1,2";
				TEST_HOST = "$(BUILT_PRODUCTS_DIR)/PracticaFundamentosIOS.app/$(BUNDLE_EXECUTABLE_FOLDER_PATH)/PracticaFundamentosIOS";
			};
			name = Debug;
		};
		D3BE58332962EA9B00837903 /* Release */ = {
			isa = XCBuildConfiguration;
			buildSettings = {
				ALWAYS_EMBED_SWIFT_STANDARD_LIBRARIES = YES;
				BUNDLE_LOADER = "$(TEST_HOST)";
				CODE_SIGN_STYLE = Automatic;
				CURRENT_PROJECT_VERSION = 1;
				GENERATE_INFOPLIST_FILE = YES;
				IPHONEOS_DEPLOYMENT_TARGET = 16.1;
				MARKETING_VERSION = 1.0;
				PRODUCT_BUNDLE_IDENTIFIER = AlbertoJR.PracticaFundamentosIOSTests;
				PRODUCT_NAME = "$(TARGET_NAME)";
				SWIFT_EMIT_LOC_STRINGS = NO;
				SWIFT_VERSION = 5.0;
				TARGETED_DEVICE_FAMILY = "1,2";
				TEST_HOST = "$(BUILT_PRODUCTS_DIR)/PracticaFundamentosIOS.app/$(BUNDLE_EXECUTABLE_FOLDER_PATH)/PracticaFundamentosIOS";
			};
			name = Release;
		};
		D3BE58352962EA9B00837903 /* Debug */ = {
			isa = XCBuildConfiguration;
			buildSettings = {
				ALWAYS_EMBED_SWIFT_STANDARD_LIBRARIES = YES;
				CODE_SIGN_STYLE = Automatic;
				CURRENT_PROJECT_VERSION = 1;
				GENERATE_INFOPLIST_FILE = YES;
				MARKETING_VERSION = 1.0;
				PRODUCT_BUNDLE_IDENTIFIER = AlbertoJR.PracticaFundamentosIOSUITests;
				PRODUCT_NAME = "$(TARGET_NAME)";
				SWIFT_EMIT_LOC_STRINGS = NO;
				SWIFT_VERSION = 5.0;
				TARGETED_DEVICE_FAMILY = "1,2";
				TEST_TARGET_NAME = PracticaFundamentosIOS;
			};
			name = Debug;
		};
		D3BE58362962EA9B00837903 /* Release */ = {
			isa = XCBuildConfiguration;
			buildSettings = {
				ALWAYS_EMBED_SWIFT_STANDARD_LIBRARIES = YES;
				CODE_SIGN_STYLE = Automatic;
				CURRENT_PROJECT_VERSION = 1;
				GENERATE_INFOPLIST_FILE = YES;
				MARKETING_VERSION = 1.0;
				PRODUCT_BUNDLE_IDENTIFIER = AlbertoJR.PracticaFundamentosIOSUITests;
				PRODUCT_NAME = "$(TARGET_NAME)";
				SWIFT_EMIT_LOC_STRINGS = NO;
				SWIFT_VERSION = 5.0;
				TARGETED_DEVICE_FAMILY = "1,2";
				TEST_TARGET_NAME = PracticaFundamentosIOS;
			};
			name = Release;
		};
/* End XCBuildConfiguration section */

/* Begin XCConfigurationList section */
		D3BE57FF2962EA9A00837903 /* Build configuration list for PBXProject "PracticaFundamentosIOS" */ = {
			isa = XCConfigurationList;
			buildConfigurations = (
				D3BE582C2962EA9B00837903 /* Debug */,
				D3BE582D2962EA9B00837903 /* Release */,
			);
			defaultConfigurationIsVisible = 0;
			defaultConfigurationName = Release;
		};
		D3BE582E2962EA9B00837903 /* Build configuration list for PBXNativeTarget "PracticaFundamentosIOS" */ = {
			isa = XCConfigurationList;
			buildConfigurations = (
				D3BE582F2962EA9B00837903 /* Debug */,
				D3BE58302962EA9B00837903 /* Release */,
			);
			defaultConfigurationIsVisible = 0;
			defaultConfigurationName = Release;
		};
		D3BE58312962EA9B00837903 /* Build configuration list for PBXNativeTarget "PracticaFundamentosIOSTests" */ = {
			isa = XCConfigurationList;
			buildConfigurations = (
				D3BE58322962EA9B00837903 /* Debug */,
				D3BE58332962EA9B00837903 /* Release */,
			);
			defaultConfigurationIsVisible = 0;
			defaultConfigurationName = Release;
		};
		D3BE58342962EA9B00837903 /* Build configuration list for PBXNativeTarget "PracticaFundamentosIOSUITests" */ = {
			isa = XCConfigurationList;
			buildConfigurations = (
				D3BE58352962EA9B00837903 /* Debug */,
				D3BE58362962EA9B00837903 /* Release */,
			);
			defaultConfigurationIsVisible = 0;
			defaultConfigurationName = Release;
		};
/* End XCConfigurationList section */
	};
	rootObject = D3BE57FC2962EA9A00837903 /* Project object */;
}
